// !$*UTF8*$!
{
	archiveVersion = 1;
	classes = {
	};
	objectVersion = 46;
	objects = {

/* Begin PBXBuildFile section */
		3466F7381D8935D600595E40 /* GoogleService-Info.plist in Resources */ = {isa = PBXBuildFile; fileRef = 3466F7371D8935D600595E40 /* GoogleService-Info.plist */; };
		34A90F4E1D893115005EB687 /* AppDelegate.swift in Sources */ = {isa = PBXBuildFile; fileRef = 34A90F4D1D893115005EB687 /* AppDelegate.swift */; };
		34A90F501D893115005EB687 /* ViewController.swift in Sources */ = {isa = PBXBuildFile; fileRef = 34A90F4F1D893115005EB687 /* ViewController.swift */; };
		34A90F531D893115005EB687 /* Main.storyboard in Resources */ = {isa = PBXBuildFile; fileRef = 34A90F511D893115005EB687 /* Main.storyboard */; };
		34A90F551D893115005EB687 /* Assets.xcassets in Resources */ = {isa = PBXBuildFile; fileRef = 34A90F541D893115005EB687 /* Assets.xcassets */; };
		34A90F581D893115005EB687 /* LaunchScreen.storyboard in Resources */ = {isa = PBXBuildFile; fileRef = 34A90F561D893115005EB687 /* LaunchScreen.storyboard */; };
		9C0ACDFA2ADC684617C419BD /* Pods_FMVotingApp.framework in Frameworks */ = {isa = PBXBuildFile; fileRef = FD17A90872418DC772D72483 /* Pods_FMVotingApp.framework */; };
/* End PBXBuildFile section */

/* Begin PBXFileReference section */
		3466F7371D8935D600595E40 /* GoogleService-Info.plist */ = {isa = PBXFileReference; fileEncoding = 4; lastKnownFileType = text.plist.xml; path = "GoogleService-Info.plist"; sourceTree = "<group>"; };
		34A90F4A1D893115005EB687 /* FMVotingApp.app */ = {isa = PBXFileReference; explicitFileType = wrapper.application; includeInIndex = 0; path = FMVotingApp.app; sourceTree = BUILT_PRODUCTS_DIR; };
		34A90F4D1D893115005EB687 /* AppDelegate.swift */ = {isa = PBXFileReference; lastKnownFileType = sourcecode.swift; path = AppDelegate.swift; sourceTree = "<group>"; };
		34A90F4F1D893115005EB687 /* ViewController.swift */ = {isa = PBXFileReference; lastKnownFileType = sourcecode.swift; path = ViewController.swift; sourceTree = "<group>"; };
		34A90F521D893115005EB687 /* Base */ = {isa = PBXFileReference; lastKnownFileType = file.storyboard; name = Base; path = Base.lproj/Main.storyboard; sourceTree = "<group>"; };
		34A90F541D893115005EB687 /* Assets.xcassets */ = {isa = PBXFileReference; lastKnownFileType = folder.assetcatalog; path = Assets.xcassets; sourceTree = "<group>"; };
		34A90F571D893115005EB687 /* Base */ = {isa = PBXFileReference; lastKnownFileType = file.storyboard; name = Base; path = Base.lproj/LaunchScreen.storyboard; sourceTree = "<group>"; };
		34A90F591D893116005EB687 /* Info.plist */ = {isa = PBXFileReference; lastKnownFileType = text.plist.xml; path = Info.plist; sourceTree = "<group>"; };
		43C802D716652676E95A6EDF /* Pods-FMVotingApp.debug.xcconfig */ = {isa = PBXFileReference; includeInIndex = 1; lastKnownFileType = text.xcconfig; name = "Pods-FMVotingApp.debug.xcconfig"; path = "Pods/Target Support Files/Pods-FMVotingApp/Pods-FMVotingApp.debug.xcconfig"; sourceTree = "<group>"; };
		97E163A87DC34C75E29435B9 /* Pods-FMVotingApp.release.xcconfig */ = {isa = PBXFileReference; includeInIndex = 1; lastKnownFileType = text.xcconfig; name = "Pods-FMVotingApp.release.xcconfig"; path = "Pods/Target Support Files/Pods-FMVotingApp/Pods-FMVotingApp.release.xcconfig"; sourceTree = "<group>"; };
		FD17A90872418DC772D72483 /* Pods_FMVotingApp.framework */ = {isa = PBXFileReference; explicitFileType = wrapper.framework; includeInIndex = 0; path = Pods_FMVotingApp.framework; sourceTree = BUILT_PRODUCTS_DIR; };
/* End PBXFileReference section */

/* Begin PBXFrameworksBuildPhase section */
		34A90F471D893115005EB687 /* Frameworks */ = {
			isa = PBXFrameworksBuildPhase;
			buildActionMask = 2147483647;
			files = (
				9C0ACDFA2ADC684617C419BD /* Pods_FMVotingApp.framework in Frameworks */,
			);
			runOnlyForDeploymentPostprocessing = 0;
		};
/* End PBXFrameworksBuildPhase section */

/* Begin PBXGroup section */
		34A90F411D893115005EB687 = {
			isa = PBXGroup;
			children = (
				34A90F4C1D893115005EB687 /* FMVotingApp */,
				34A90F4B1D893115005EB687 /* Products */,
				C9385F7B517C87B2843E216D /* Pods */,
				E41EBECFB41DD13325DBD609 /* Frameworks */,
			);
			sourceTree = "<group>";
		};
		34A90F4B1D893115005EB687 /* Products */ = {
			isa = PBXGroup;
			children = (
				34A90F4A1D893115005EB687 /* FMVotingApp.app */,
			);
			name = Products;
			sourceTree = "<group>";
		};
		34A90F4C1D893115005EB687 /* FMVotingApp */ = {
			isa = PBXGroup;
			children = (
				34A90F4D1D893115005EB687 /* AppDelegate.swift */,
				34A90F4F1D893115005EB687 /* ViewController.swift */,
				34A90F511D893115005EB687 /* Main.storyboard */,
				34A90F541D893115005EB687 /* Assets.xcassets */,
				34A90F561D893115005EB687 /* LaunchScreen.storyboard */,
				3466F7371D8935D600595E40 /* GoogleService-Info.plist */,
				34A90F591D893116005EB687 /* Info.plist */,
			);
			path = FMVotingApp;
			sourceTree = "<group>";
		};
		C9385F7B517C87B2843E216D /* Pods */ = {
			isa = PBXGroup;
			children = (
				43C802D716652676E95A6EDF /* Pods-FMVotingApp.debug.xcconfig */,
				97E163A87DC34C75E29435B9 /* Pods-FMVotingApp.release.xcconfig */,
			);
			name = Pods;
			sourceTree = "<group>";
		};
		E41EBECFB41DD13325DBD609 /* Frameworks */ = {
			isa = PBXGroup;
			children = (
				FD17A90872418DC772D72483 /* Pods_FMVotingApp.framework */,
			);
			name = Frameworks;
			sourceTree = "<group>";
		};
/* End PBXGroup section */

/* Begin PBXNativeTarget section */
		34A90F491D893115005EB687 /* FMVotingApp */ = {
			isa = PBXNativeTarget;
			buildConfigurationList = 34A90F5C1D893116005EB687 /* Build configuration list for PBXNativeTarget "FMVotingApp" */;
			buildPhases = (
				AEFCDE41F392290C592E1735 /* [CP] Check Pods Manifest.lock */,
				34A90F461D893115005EB687 /* Sources */,
				34A90F471D893115005EB687 /* Frameworks */,
				34A90F481D893115005EB687 /* Resources */,
				062FCB66AA7BDECA75424361 /* [CP] Embed Pods Frameworks */,
				DB6C4EB4ED5F8CEF7253CC15 /* [CP] Copy Pods Resources */,
			);
			buildRules = (
			);
			dependencies = (
			);
			name = FMVotingApp;
			productName = FMVotingApp;
			productReference = 34A90F4A1D893115005EB687 /* FMVotingApp.app */;
			productType = "com.apple.product-type.application";
		};
/* End PBXNativeTarget section */

/* Begin PBXProject section */
		34A90F421D893115005EB687 /* Project object */ = {
			isa = PBXProject;
			attributes = {
				LastSwiftUpdateCheck = 0730;
				LastUpgradeCheck = 0730;
				ORGANIZATIONNAME = "Filip Molcik";
				TargetAttributes = {
					34A90F491D893115005EB687 = {
						CreatedOnToolsVersion = 7.3.1;
					};
				};
			};
			buildConfigurationList = 34A90F451D893115005EB687 /* Build configuration list for PBXProject "FMVotingApp" */;
			compatibilityVersion = "Xcode 3.2";
			developmentRegion = English;
			hasScannedForEncodings = 0;
			knownRegions = (
				en,
				Base,
			);
			mainGroup = 34A90F411D893115005EB687;
			productRefGroup = 34A90F4B1D893115005EB687 /* Products */;
			projectDirPath = "";
			projectRoot = "";
			targets = (
				34A90F491D893115005EB687 /* FMVotingApp */,
			);
		};
/* End PBXProject section */

/* Begin PBXResourcesBuildPhase section */
		34A90F481D893115005EB687 /* Resources */ = {
			isa = PBXResourcesBuildPhase;
			buildActionMask = 2147483647;
			files = (
				34A90F581D893115005EB687 /* LaunchScreen.storyboard in Resources */,
				3466F7381D8935D600595E40 /* GoogleService-Info.plist in Resources */,
				34A90F551D893115005EB687 /* Assets.xcassets in Resources */,
				34A90F531D893115005EB687 /* Main.storyboard in Resources */,
			);
			runOnlyForDeploymentPostprocessing = 0;
		};
/* End PBXResourcesBuildPhase section */

/* Begin PBXShellScriptBuildPhase section */
		062FCB66AA7BDECA75424361 /* [CP] Embed Pods Frameworks */ = {
			isa = PBXShellScriptBuildPhase;
			buildActionMask = 2147483647;
			files = (
			);
			inputPaths = (
			);
			name = "[CP] Embed Pods Frameworks";
			outputPaths = (
			);
			runOnlyForDeploymentPostprocessing = 0;
			shellPath = /bin/sh;
			shellScript = "\"${SRCROOT}/Pods/Target Support Files/Pods-FMVotingApp/Pods-FMVotingApp-frameworks.sh\"\n";
			showEnvVarsInLog = 0;
		};
		AEFCDE41F392290C592E1735 /* [CP] Check Pods Manifest.lock */ = {
			isa = PBXShellScriptBuildPhase;
			buildActionMask = 2147483647;
			files = (
			);
			inputPaths = (
			);
			name = "[CP] Check Pods Manifest.lock";
			outputPaths = (
			);
			runOnlyForDeploymentPostprocessing = 0;
			shellPath = /bin/sh;
			shellScript = "diff \"${PODS_ROOT}/../Podfile.lock\" \"${PODS_ROOT}/Manifest.lock\" > /dev/null\nif [[ $? != 0 ]] ; then\n    cat << EOM\nerror: The sandbox is not in sync with the Podfile.lock. Run 'pod install' or update your CocoaPods installation.\nEOM\n    exit 1\nfi\n";
			showEnvVarsInLog = 0;
		};
		DB6C4EB4ED5F8CEF7253CC15 /* [CP] Copy Pods Resources */ = {
			isa = PBXShellScriptBuildPhase;
			buildActionMask = 2147483647;
			files = (
			);
			inputPaths = (
			);
			name = "[CP] Copy Pods Resources";
			outputPaths = (
			);
			runOnlyForDeploymentPostprocessing = 0;
			shellPath = /bin/sh;
			shellScript = "\"${SRCROOT}/Pods/Target Support Files/Pods-FMVotingApp/Pods-FMVotingApp-resources.sh\"\n";
			showEnvVarsInLog = 0;
		};
/* End PBXShellScriptBuildPhase section */

/* Begin PBXSourcesBuildPhase section */
		34A90F461D893115005EB687 /* Sources */ = {
			isa = PBXSourcesBuildPhase;
			buildActionMask = 2147483647;
			files = (
				34A90F501D893115005EB687 /* ViewController.swift in Sources */,
				34A90F4E1D893115005EB687 /* AppDelegate.swift in Sources */,
			);
			runOnlyForDeploymentPostprocessing = 0;
		};
/* End PBXSourcesBuildPhase section */

/* Begin PBXVariantGroup section */
		34A90F511D893115005EB687 /* Main.storyboard */ = {
			isa = PBXVariantGroup;
			children = (
				34A90F521D893115005EB687 /* Base */,
			);
			name = Main.storyboard;
			sourceTree = "<group>";
		};
		34A90F561D893115005EB687 /* LaunchScreen.storyboard */ = {
			isa = PBXVariantGroup;
			children = (
				34A90F571D893115005EB687 /* Base */,
			);
			name = LaunchScreen.storyboard;
			sourceTree = "<group>";
		};
/* End PBXVariantGroup section */

/* Begin XCBuildConfiguration section */
		34A90F5A1D893116005EB687 /* Debug */ = {
			isa = XCBuildConfiguration;
			buildSettings = {
				ALWAYS_SEARCH_USER_PATHS = NO;
				CLANG_ANALYZER_NONNULL = YES;
				CLANG_CXX_LANGUAGE_STANDARD = "gnu++0x";
				CLANG_CXX_LIBRARY = "libc++";
				CLANG_ENABLE_MODULES = YES;
				CLANG_ENABLE_OBJC_ARC = YES;
				CLANG_WARN_BOOL_CONVERSION = YES;
				CLANG_WARN_CONSTANT_CONVERSION = YES;
				CLANG_WARN_DIRECT_OBJC_ISA_USAGE = YES_ERROR;
				CLANG_WARN_EMPTY_BODY = YES;
				CLANG_WARN_ENUM_CONVERSION = YES;
				CLANG_WARN_INT_CONVERSION = YES;
				CLANG_WARN_OBJC_ROOT_CLASS = YES_ERROR;
				CLANG_WARN_UNREACHABLE_CODE = YES;
				CLANG_WARN__DUPLICATE_METHOD_MATCH = YES;
				"CODE_SIGN_IDENTITY[sdk=iphoneos*]" = "iPhone Developer";
				COPY_PHASE_STRIP = NO;
				DEBUG_INFORMATION_FORMAT = dwarf;
				ENABLE_STRICT_OBJC_MSGSEND = YES;
				ENABLE_TESTABILITY = YES;
				GCC_C_LANGUAGE_STANDARD = gnu99;
				GCC_DYNAMIC_NO_PIC = NO;
				GCC_NO_COMMON_BLOCKS = YES;
				GCC_OPTIMIZATION_LEVEL = 0;
				GCC_PREPROCESSOR_DEFINITIONS = (
					"DEBUG=1",
					"$(inherited)",
				);
				GCC_WARN_64_TO_32_BIT_CONVERSION = YES;
				GCC_WARN_ABOUT_RETURN_TYPE = YES_ERROR;
				GCC_WARN_UNDECLARED_SELECTOR = YES;
				GCC_WARN_UNINITIALIZED_AUTOS = YES_AGGRESSIVE;
				GCC_WARN_UNUSED_FUNCTION = YES;
				GCC_WARN_UNUSED_VARIABLE = YES;
				IPHONEOS_DEPLOYMENT_TARGET = 9.3;
				MTL_ENABLE_DEBUG_INFO = YES;
				ONLY_ACTIVE_ARCH = YES;
				SDKROOT = iphoneos;
				SWIFT_OPTIMIZATION_LEVEL = "-Onone";
			};
			name = Debug;
		};
		34A90F5B1D893116005EB687 /* Release */ = {
			isa = XCBuildConfiguration;
			buildSettings = {
				ALWAYS_SEARCH_USER_PATHS = NO;
				CLANG_ANALYZER_NONNULL = YES;
				CLANG_CXX_LANGUAGE_STANDARD = "gnu++0x";
				CLANG_CXX_LIBRARY = "libc++";
				CLANG_ENABLE_MODULES = YES;
				CLANG_ENABLE_OBJC_ARC = YES;
				CLANG_WARN_BOOL_CONVERSION = YES;
				CLANG_WARN_CONSTANT_CONVERSION = YES;
				CLANG_WARN_DIRECT_OBJC_ISA_USAGE = YES_ERROR;
				CLANG_WARN_EMPTY_BODY = YES;
				CLANG_WARN_ENUM_CONVERSION = YES;
				CLANG_WARN_INT_CONVERSION = YES;
				CLANG_WARN_OBJC_ROOT_CLASS = YES_ERROR;
				CLANG_WARN_UNREACHABLE_CODE = YES;
				CLANG_WARN__DUPLICATE_METHOD_MATCH = YES;
				"CODE_SIGN_IDENTITY[sdk=iphoneos*]" = "iPhone Developer";
				COPY_PHASE_STRIP = NO;
				DEBUG_INFORMATION_FORMAT = "dwarf-with-dsym";
				ENABLE_NS_ASSERTIONS = NO;
				ENABLE_STRICT_OBJC_MSGSEND = YES;
				GCC_C_LANGUAGE_STANDARD = gnu99;
				GCC_NO_COMMON_BLOCKS = YES;
				GCC_WARN_64_TO_32_BIT_CONVERSION = YES;
				GCC_WARN_ABOUT_RETURN_TYPE = YES_ERROR;
				GCC_WARN_UNDECLARED_SELECTOR = YES;
				GCC_WARN_UNINITIALIZED_AUTOS = YES_AGGRESSIVE;
				GCC_WARN_UNUSED_FUNCTION = YES;
				GCC_WARN_UNUSED_VARIABLE = YES;
				IPHONEOS_DEPLOYMENT_TARGET = 9.3;
				MTL_ENABLE_DEBUG_INFO = NO;
				SDKROOT = iphoneos;
				VALIDATE_PRODUCT = YES;
			};
			name = Release;
		};
		34A90F5D1D893116005EB687 /* Debug */ = {
			isa = XCBuildConfiguration;
			baseConfigurationReference = 43C802D716652676E95A6EDF /* Pods-FMVotingApp.debug.xcconfig */;
			buildSettings = {
				ASSETCATALOG_COMPILER_APPICON_NAME = AppIcon;
				INFOPLIST_FILE = FMVotingApp/Info.plist;
				LD_RUNPATH_SEARCH_PATHS = "$(inherited) @executable_path/Frameworks";
				PRODUCT_BUNDLE_IDENTIFIER = FM.FMVotingApp;
				PRODUCT_NAME = "$(TARGET_NAME)";
			};
			name = Debug;
		};
		34A90F5E1D893116005EB687 /* Release */ = {
			isa = XCBuildConfiguration;
			baseConfigurationReference = 97E163A87DC34C75E29435B9 /* Pods-FMVotingApp.release.xcconfig */;
			buildSettings = {
				ASSETCATALOG_COMPILER_APPICON_NAME = AppIcon;
				INFOPLIST_FILE = FMVotingApp/Info.plist;
				LD_RUNPATH_SEARCH_PATHS = "$(inherited) @executable_path/Frameworks";
				PRODUCT_BUNDLE_IDENTIFIER = FM.FMVotingApp;
				PRODUCT_NAME = "$(TARGET_NAME)";
			};
			name = Release;
		};
/* End XCBuildConfiguration section */

/* Begin XCConfigurationList section */
		34A90F451D893115005EB687 /* Build configuration list for PBXProject "FMVotingApp" */ = {
			isa = XCConfigurationList;
			buildConfigurations = (
				34A90F5A1D893116005EB687 /* Debug */,
				34A90F5B1D893116005EB687 /* Release */,
			);
			defaultConfigurationIsVisible = 0;
			defaultConfigurationName = Release;
		};
		34A90F5C1D893116005EB687 /* Build configuration list for PBXNativeTarget "FMVotingApp" */ = {
			isa = XCConfigurationList;
			buildConfigurations = (
				34A90F5D1D893116005EB687 /* Debug */,
				34A90F5E1D893116005EB687 /* Release */,
			);
			defaultConfigurationIsVisible = 0;
			defaultConfigurationName = Release;
		};
/* End XCConfigurationList section */
	};
	rootObject = 34A90F421D893115005EB687 /* Project object */;
}
